
Microsoft Visual Studio Solution File, Format Version 12.00
# Visual Studio Version 17
VisualStudioVersion = 17.1.32407.343
MinimumVisualStudioVersion = 10.0.40219.1
Project("{FAE04EC0-301F-11D3-BF4B-00C04F79EFBC}") = "TypeOfDependency1toMany", "TypeOfDependency1toMany\TypeOfDependency1toMany.csproj", "{AA8E2D5D-41F5-4E3E-9208-DCBF4391361D}"
EndProject
Global
	GlobalSection(SolutionConfigurationPlatforms) = preSolution
		Debug|Any CPU = Debug|Any CPU
		Release|Any CPU = Release|Any CPU
	EndGlobalSection
	GlobalSection(ProjectConfigurationPlatforms) = postSolution
		{AA8E2D5D-41F5-4E3E-9208-DCBF4391361D}.Debug|Any CPU.ActiveCfg = Debug|Any CPU
		{AA8E2D5D-41F5-4E3E-9208-DCBF4391361D}.Debug|Any CPU.Build.0 = Debug|Any CPU
		{AA8E2D5D-41F5-4E3E-9208-DCBF4391361D}.Release|Any CPU.ActiveCfg = Release|Any CPU
		{AA8E2D5D-41F5-4E3E-9208-DCBF4391361D}.Release|Any CPU.Build.0 = Release|Any CPU
	EndGlobalSection
	GlobalSection(SolutionProperties) = preSolution
		HideSolutionNode = FALSE
	EndGlobalSection
	GlobalSection(ExtensibilityGlobals) = postSolution
		SolutionGuid = {02A32D9D-E20F-4AE7-BA97-074D4F7F3B3C}
	EndGlobalSection
EndGlobal
